{
  "name": "cynosure",
  "version": "0.1.0",
  "lockfileVersion": 1,
  "requires": true,
  "dependencies": {
    "lodash.isinteger": {
      "version": "4.0.4",
      "resolved": "https://registry.npmjs.org/lodash.isinteger/-/lodash.isinteger-4.0.4.tgz",
      "integrity": "sha1-YZwK89A/iwTDH1iChAt3sRzWg0M="
    },
    "react-styled-flexboxgrid": {
      "version": "2.2.0",
      "resolved": "https://registry.npmjs.org/react-styled-flexboxgrid/-/react-styled-flexboxgrid-2.2.0.tgz",
      "integrity": "sha512-y4ABZInmKZjeh9Ec7lsJTWMXETPsltXP+2kJhNy2PzMDVwGP5QxJVDXsK5Bw04aA1G5F+n2OsmZNzR9vwgUngw==",
      "requires": {
        "lodash.isinteger": "4.0.4"
      }
    }
  }
}
